
Microsoft Visual Studio Solution File, Format Version 12.00
# Visual Studio 15
VisualStudioVersion = 15.0.28307.489
MinimumVisualStudioVersion = 10.0.40219.1
Project("{FAE04EC0-301F-11D3-BF4B-00C04F79EFBC}") = "lab3", "lab3\lab3.csproj", "{9EACCCB0-E60E-4119-8BD5-33D5CFC977F9}"
EndProject
Global
	GlobalSection(SolutionConfigurationPlatforms) = preSolution
		Debug|Any CPU = Debug|Any CPU
		Release|Any CPU = Release|Any CPU
	EndGlobalSection
	GlobalSection(ProjectConfigurationPlatforms) = postSolution
		{9EACCCB0-E60E-4119-8BD5-33D5CFC977F9}.Debug|Any CPU.ActiveCfg = Debug|Any CPU
		{9EACCCB0-E60E-4119-8BD5-33D5CFC977F9}.Debug|Any CPU.Build.0 = Debug|Any CPU
		{9EACCCB0-E60E-4119-8BD5-33D5CFC977F9}.Release|Any CPU.ActiveCfg = Release|Any CPU
		{9EACCCB0-E60E-4119-8BD5-33D5CFC977F9}.Release|Any CPU.Build.0 = Release|Any CPU
	EndGlobalSection
	GlobalSection(SolutionProperties) = preSolution
		HideSolutionNode = FALSE
	EndGlobalSection
	GlobalSection(ExtensibilityGlobals) = postSolution
		SolutionGuid = {DB14D274-600B-4DA6-9EF7-9E0C38BF9D2E}
	EndGlobalSection
EndGlobal
